
Microsoft Visual Studio Solution File, Format Version 12.00
# Visual Studio Version 16
VisualStudioVersion = 16.0.31313.79
MinimumVisualStudioVersion = 10.0.40219.1
Project("{FAE04EC0-301F-11D3-BF4B-00C04F79EFBC}") = "BooksApi", "BooksApi\BooksApi.csproj", "{798B7DC1-7A16-4275-A7DF-C671CED269EC}"
EndProject
Global
	GlobalSection(SolutionConfigurationPlatforms) = preSolution
		Debug|Any CPU = Debug|Any CPU
		Release|Any CPU = Release|Any CPU
	EndGlobalSection
	GlobalSection(ProjectConfigurationPlatforms) = postSolution
		{798B7DC1-7A16-4275-A7DF-C671CED269EC}.Debug|Any CPU.ActiveCfg = Debug|Any CPU
		{798B7DC1-7A16-4275-A7DF-C671CED269EC}.Debug|Any CPU.Build.0 = Debug|Any CPU
		{798B7DC1-7A16-4275-A7DF-C671CED269EC}.Release|Any CPU.ActiveCfg = Release|Any CPU
		{798B7DC1-7A16-4275-A7DF-C671CED269EC}.Release|Any CPU.Build.0 = Release|Any CPU
	EndGlobalSection
	GlobalSection(SolutionProperties) = preSolution
		HideSolutionNode = FALSE
	EndGlobalSection
	GlobalSection(ExtensibilityGlobals) = postSolution
		SolutionGuid = {272F259F-7399-4848-AB24-4B09826BDC38}
	EndGlobalSection
EndGlobal
